
Microsoft Visual Studio Solution File, Format Version 12.00
# Visual Studio Version 17
VisualStudioVersion = 17.5.33516.290
MinimumVisualStudioVersion = 10.0.40219.1
Project("{FAE04EC0-301F-11D3-BF4B-00C04F79EFBC}") = "Hesapmakinasi", "Hesapmakinasi.csproj", "{E56B1E77-B745-479A-B999-E8F8FCA3E990}"
EndProject
Global
	GlobalSection(SolutionConfigurationPlatforms) = preSolution
		Debug|Any CPU = Debug|Any CPU
		Release|Any CPU = Release|Any CPU
	EndGlobalSection
	GlobalSection(ProjectConfigurationPlatforms) = postSolution
		{E56B1E77-B745-479A-B999-E8F8FCA3E990}.Debug|Any CPU.ActiveCfg = Debug|Any CPU
		{E56B1E77-B745-479A-B999-E8F8FCA3E990}.Debug|Any CPU.Build.0 = Debug|Any CPU
		{E56B1E77-B745-479A-B999-E8F8FCA3E990}.Release|Any CPU.ActiveCfg = Release|Any CPU
		{E56B1E77-B745-479A-B999-E8F8FCA3E990}.Release|Any CPU.Build.0 = Release|Any CPU
	EndGlobalSection
	GlobalSection(SolutionProperties) = preSolution
		HideSolutionNode = FALSE
	EndGlobalSection
	GlobalSection(ExtensibilityGlobals) = postSolution
		SolutionGuid = {6444C182-DDC3-4516-82F1-757B3359AE47}
	EndGlobalSection
EndGlobal
